
Microsoft Visual Studio Solution File, Format Version 12.00
# Visual Studio Version 16
VisualStudioVersion = 16.0.30523.141
MinimumVisualStudioVersion = 10.0.40219.1
Project("{9A19103F-16F7-4668-BE54-9A1E7A4F7556}") = "AOC.Helpers", "AOC.Helpers\AOC.Helpers.csproj", "{4A95202F-5AA1-4446-8056-F0AD02B409C8}"
EndProject
Project("{2150E333-8FDC-42A3-9474-1A3956D46DE8}") = "Day1", "Day1", "{D298F2CB-BDF1-44FC-BC27-6194FEF59EBC}"
EndProject
Project("{2150E333-8FDC-42A3-9474-1A3956D46DE8}") = "Day2", "Day2", "{F02FF5AC-C3B2-4316-BE17-634A258999ED}"
EndProject
Project("{9A19103F-16F7-4668-BE54-9A1E7A4F7556}") = "AOC.Day2.Pt1", "AOC.Day2.Pt1\AOC.Day2.Pt1.csproj", "{0840B6E0-D2DA-4B99-919D-C7D51A22073B}"
EndProject
Project("{9A19103F-16F7-4668-BE54-9A1E7A4F7556}") = "AOC.Day1", "AOC.Day1\AOC.Day1.csproj", "{D79602F2-6F70-44BE-B54F-0F722CD68EE5}"
EndProject
Project("{9A19103F-16F7-4668-BE54-9A1E7A4F7556}") = "AOC.Day2.Pt2", "AOC.Day2.Pt2\AOC.Day2.Pt2.csproj", "{C3F6C44B-7241-4E4A-BF42-323C02E79E10}"
EndProject
Project("{2150E333-8FDC-42A3-9474-1A3956D46DE8}") = "Day3", "Day3", "{F9569732-3FF9-40A4-9356-46D0CF7D2421}"
EndProject
Project("{9A19103F-16F7-4668-BE54-9A1E7A4F7556}") = "AOC.Day3.Pt1", "AOC.Day3.Pt1\AOC.Day3.Pt1.csproj", "{FB0275A2-BAA4-402C-8121-020975CBB3AA}"
EndProject
Project("{9A19103F-16F7-4668-BE54-9A1E7A4F7556}") = "AOC.Day3.Pt2", "AOC.Day3.Pt2\AOC.Day3.Pt2.csproj", "{8AB2A377-41B9-4960-AB60-18FCE93B809C}"
EndProject
Project("{2150E333-8FDC-42A3-9474-1A3956D46DE8}") = "Day4", "Day4", "{090A6534-4BDF-41C2-9E4A-53734F0D9B7F}"
EndProject
Project("{9A19103F-16F7-4668-BE54-9A1E7A4F7556}") = "AOC.Day4.Pt1", "AOC.Day4.Pt1\AOC.Day4.Pt1.csproj", "{17EA9C18-E29F-43E3-9812-2C88D69A6E5C}"
EndProject
Project("{9A19103F-16F7-4668-BE54-9A1E7A4F7556}") = "AOC.Day4.Pt2", "AOC.Day4.Pt2\AOC.Day4.Pt2.csproj", "{C28F3913-0CD9-4421-81BB-297FB0EBC0FB}"
EndProject
Project("{2150E333-8FDC-42A3-9474-1A3956D46DE8}") = "Day5", "Day5", "{26C608C2-90FC-4B6A-AF44-01D85A14D73B}"
EndProject
Project("{9A19103F-16F7-4668-BE54-9A1E7A4F7556}") = "AOC.Day5.Pt1", "AOC.Day5.Pt1\AOC.Day5.Pt1.csproj", "{355D89B2-9424-42E1-90EB-33F2CED3C6B4}"
EndProject
Project("{9A19103F-16F7-4668-BE54-9A1E7A4F7556}") = "AOC.Day5.Pt2", "AOC.Day5.Pt2\AOC.Day5.Pt2.csproj", "{EA545B3B-EC4A-4B7B-9889-915D7220BE77}"
EndProject
Project("{2150E333-8FDC-42A3-9474-1A3956D46DE8}") = "Day6", "Day6", "{E8E7CB37-4193-48C5-868F-65A4960F9960}"
EndProject
Project("{9A19103F-16F7-4668-BE54-9A1E7A4F7556}") = "AOC.Day6.Pt1", "AOC.Day6.Pt1\AOC.Day6.Pt1.csproj", "{9C6BF7D9-D9C9-498A-86B5-79964220A2EC}"
EndProject
Project("{9A19103F-16F7-4668-BE54-9A1E7A4F7556}") = "AOC.Day6.Pt2", "AOC.Day6.Pt2\AOC.Day6.Pt2.csproj", "{2745FF77-1F68-40EB-9A7D-346B66991BAE}"
EndProject
Project("{2150E333-8FDC-42A3-9474-1A3956D46DE8}") = "Day7", "Day7", "{1FA664D0-4C2B-4B22-A3B0-A95A166B5E17}"
EndProject
Project("{9A19103F-16F7-4668-BE54-9A1E7A4F7556}") = "AOC.Day7.Pt1", "AOC.Day7.Pt1\AOC.Day7.Pt1.csproj", "{BEC89AE7-4044-4F30-A6D1-303BD1534EA5}"
EndProject
Project("{9A19103F-16F7-4668-BE54-9A1E7A4F7556}") = "AOC.Day7.Pt2", "AOC.Day7.Pt2\AOC.Day7.Pt2.csproj", "{80D2778B-AA90-4521-ADD9-30946FA6B4F5}"
EndProject
Global
	GlobalSection(SolutionConfigurationPlatforms) = preSolution
		Debug|Any CPU = Debug|Any CPU
		Release|Any CPU = Release|Any CPU
	EndGlobalSection
	GlobalSection(ProjectConfigurationPlatforms) = postSolution
		{4A95202F-5AA1-4446-8056-F0AD02B409C8}.Debug|Any CPU.ActiveCfg = Debug|Any CPU
		{4A95202F-5AA1-4446-8056-F0AD02B409C8}.Debug|Any CPU.Build.0 = Debug|Any CPU
		{4A95202F-5AA1-4446-8056-F0AD02B409C8}.Release|Any CPU.ActiveCfg = Release|Any CPU
		{4A95202F-5AA1-4446-8056-F0AD02B409C8}.Release|Any CPU.Build.0 = Release|Any CPU
		{0840B6E0-D2DA-4B99-919D-C7D51A22073B}.Debug|Any CPU.ActiveCfg = Debug|Any CPU
		{0840B6E0-D2DA-4B99-919D-C7D51A22073B}.Debug|Any CPU.Build.0 = Debug|Any CPU
		{0840B6E0-D2DA-4B99-919D-C7D51A22073B}.Release|Any CPU.ActiveCfg = Release|Any CPU
		{0840B6E0-D2DA-4B99-919D-C7D51A22073B}.Release|Any CPU.Build.0 = Release|Any CPU
		{D79602F2-6F70-44BE-B54F-0F722CD68EE5}.Debug|Any CPU.ActiveCfg = Debug|Any CPU
		{D79602F2-6F70-44BE-B54F-0F722CD68EE5}.Debug|Any CPU.Build.0 = Debug|Any CPU
		{D79602F2-6F70-44BE-B54F-0F722CD68EE5}.Release|Any CPU.ActiveCfg = Release|Any CPU
		{D79602F2-6F70-44BE-B54F-0F722CD68EE5}.Release|Any CPU.Build.0 = Release|Any CPU
		{C3F6C44B-7241-4E4A-BF42-323C02E79E10}.Debug|Any CPU.ActiveCfg = Debug|Any CPU
		{C3F6C44B-7241-4E4A-BF42-323C02E79E10}.Debug|Any CPU.Build.0 = Debug|Any CPU
		{C3F6C44B-7241-4E4A-BF42-323C02E79E10}.Release|Any CPU.ActiveCfg = Release|Any CPU
		{C3F6C44B-7241-4E4A-BF42-323C02E79E10}.Release|Any CPU.Build.0 = Release|Any CPU
		{FB0275A2-BAA4-402C-8121-020975CBB3AA}.Debug|Any CPU.ActiveCfg = Debug|Any CPU
		{FB0275A2-BAA4-402C-8121-020975CBB3AA}.Debug|Any CPU.Build.0 = Debug|Any CPU
		{FB0275A2-BAA4-402C-8121-020975CBB3AA}.Release|Any CPU.ActiveCfg = Release|Any CPU
		{FB0275A2-BAA4-402C-8121-020975CBB3AA}.Release|Any CPU.Build.0 = Release|Any CPU
		{8AB2A377-41B9-4960-AB60-18FCE93B809C}.Debug|Any CPU.ActiveCfg = Debug|Any CPU
		{8AB2A377-41B9-4960-AB60-18FCE93B809C}.Debug|Any CPU.Build.0 = Debug|Any CPU
		{8AB2A377-41B9-4960-AB60-18FCE93B809C}.Release|Any CPU.ActiveCfg = Release|Any CPU
		{8AB2A377-41B9-4960-AB60-18FCE93B809C}.Release|Any CPU.Build.0 = Release|Any CPU
		{17EA9C18-E29F-43E3-9812-2C88D69A6E5C}.Debug|Any CPU.ActiveCfg = Debug|Any CPU
		{17EA9C18-E29F-43E3-9812-2C88D69A6E5C}.Debug|Any CPU.Build.0 = Debug|Any CPU
		{17EA9C18-E29F-43E3-9812-2C88D69A6E5C}.Release|Any CPU.ActiveCfg = Release|Any CPU
		{17EA9C18-E29F-43E3-9812-2C88D69A6E5C}.Release|Any CPU.Build.0 = Release|Any CPU
		{C28F3913-0CD9-4421-81BB-297FB0EBC0FB}.Debug|Any CPU.ActiveCfg = Debug|Any CPU
		{C28F3913-0CD9-4421-81BB-297FB0EBC0FB}.Debug|Any CPU.Build.0 = Debug|Any CPU
		{C28F3913-0CD9-4421-81BB-297FB0EBC0FB}.Release|Any CPU.ActiveCfg = Release|Any CPU
		{C28F3913-0CD9-4421-81BB-297FB0EBC0FB}.Release|Any CPU.Build.0 = Release|Any CPU
		{355D89B2-9424-42E1-90EB-33F2CED3C6B4}.Debug|Any CPU.ActiveCfg = Debug|Any CPU
		{355D89B2-9424-42E1-90EB-33F2CED3C6B4}.Debug|Any CPU.Build.0 = Debug|Any CPU
		{355D89B2-9424-42E1-90EB-33F2CED3C6B4}.Release|Any CPU.ActiveCfg = Release|Any CPU
		{355D89B2-9424-42E1-90EB-33F2CED3C6B4}.Release|Any CPU.Build.0 = Release|Any CPU
		{EA545B3B-EC4A-4B7B-9889-915D7220BE77}.Debug|Any CPU.ActiveCfg = Debug|Any CPU
		{EA545B3B-EC4A-4B7B-9889-915D7220BE77}.Debug|Any CPU.Build.0 = Debug|Any CPU
		{EA545B3B-EC4A-4B7B-9889-915D7220BE77}.Release|Any CPU.ActiveCfg = Release|Any CPU
		{EA545B3B-EC4A-4B7B-9889-915D7220BE77}.Release|Any CPU.Build.0 = Release|Any CPU
		{9C6BF7D9-D9C9-498A-86B5-79964220A2EC}.Debug|Any CPU.ActiveCfg = Debug|Any CPU
		{9C6BF7D9-D9C9-498A-86B5-79964220A2EC}.Debug|Any CPU.Build.0 = Debug|Any CPU
		{9C6BF7D9-D9C9-498A-86B5-79964220A2EC}.Release|Any CPU.ActiveCfg = Release|Any CPU
		{9C6BF7D9-D9C9-498A-86B5-79964220A2EC}.Release|Any CPU.Build.0 = Release|Any CPU
		{2745FF77-1F68-40EB-9A7D-346B66991BAE}.Debug|Any CPU.ActiveCfg = Debug|Any CPU
		{2745FF77-1F68-40EB-9A7D-346B66991BAE}.Debug|Any CPU.Build.0 = Debug|Any CPU
		{2745FF77-1F68-40EB-9A7D-346B66991BAE}.Release|Any CPU.ActiveCfg = Release|Any CPU
		{2745FF77-1F68-40EB-9A7D-346B66991BAE}.Release|Any CPU.Build.0 = Release|Any CPU
		{BEC89AE7-4044-4F30-A6D1-303BD1534EA5}.Debug|Any CPU.ActiveCfg = Debug|Any CPU
		{BEC89AE7-4044-4F30-A6D1-303BD1534EA5}.Debug|Any CPU.Build.0 = Debug|Any CPU
		{BEC89AE7-4044-4F30-A6D1-303BD1534EA5}.Release|Any CPU.ActiveCfg = Release|Any CPU
		{BEC89AE7-4044-4F30-A6D1-303BD1534EA5}.Release|Any CPU.Build.0 = Release|Any CPU
		{80D2778B-AA90-4521-ADD9-30946FA6B4F5}.Debug|Any CPU.ActiveCfg = Debug|Any CPU
		{80D2778B-AA90-4521-ADD9-30946FA6B4F5}.Debug|Any CPU.Build.0 = Debug|Any CPU
		{80D2778B-AA90-4521-ADD9-30946FA6B4F5}.Release|Any CPU.ActiveCfg = Release|Any CPU
		{80D2778B-AA90-4521-ADD9-30946FA6B4F5}.Release|Any CPU.Build.0 = Release|Any CPU
	EndGlobalSection
	GlobalSection(SolutionProperties) = preSolution
		HideSolutionNode = FALSE
	EndGlobalSection
	GlobalSection(NestedProjects) = preSolution
		{0840B6E0-D2DA-4B99-919D-C7D51A22073B} = {F02FF5AC-C3B2-4316-BE17-634A258999ED}
		{D79602F2-6F70-44BE-B54F-0F722CD68EE5} = {D298F2CB-BDF1-44FC-BC27-6194FEF59EBC}
		{C3F6C44B-7241-4E4A-BF42-323C02E79E10} = {F02FF5AC-C3B2-4316-BE17-634A258999ED}
		{FB0275A2-BAA4-402C-8121-020975CBB3AA} = {F9569732-3FF9-40A4-9356-46D0CF7D2421}
		{8AB2A377-41B9-4960-AB60-18FCE93B809C} = {F9569732-3FF9-40A4-9356-46D0CF7D2421}
		{17EA9C18-E29F-43E3-9812-2C88D69A6E5C} = {090A6534-4BDF-41C2-9E4A-53734F0D9B7F}
		{C28F3913-0CD9-4421-81BB-297FB0EBC0FB} = {090A6534-4BDF-41C2-9E4A-53734F0D9B7F}
		{355D89B2-9424-42E1-90EB-33F2CED3C6B4} = {26C608C2-90FC-4B6A-AF44-01D85A14D73B}
		{EA545B3B-EC4A-4B7B-9889-915D7220BE77} = {26C608C2-90FC-4B6A-AF44-01D85A14D73B}
		{9C6BF7D9-D9C9-498A-86B5-79964220A2EC} = {E8E7CB37-4193-48C5-868F-65A4960F9960}
		{2745FF77-1F68-40EB-9A7D-346B66991BAE} = {E8E7CB37-4193-48C5-868F-65A4960F9960}
		{BEC89AE7-4044-4F30-A6D1-303BD1534EA5} = {1FA664D0-4C2B-4B22-A3B0-A95A166B5E17}
		{80D2778B-AA90-4521-ADD9-30946FA6B4F5} = {1FA664D0-4C2B-4B22-A3B0-A95A166B5E17}
	EndGlobalSection
	GlobalSection(ExtensibilityGlobals) = postSolution
		SolutionGuid = {3352BEA1-9818-4C0D-8D6D-A6FDA60F2FAE}
	EndGlobalSection
EndGlobal
